
Microsoft Visual Studio Solution File, Format Version 12.00
# Visual Studio 15
VisualStudioVersion = 15.0.28010.2048
MinimumVisualStudioVersion = 10.0.40219.1
Project("{FAE04EC0-301F-11D3-BF4B-00C04F79EFBC}") = "_Bar", "Login_Bar\_Bar.csproj", "{23FB2591-FB94-4132-BE4A-64BBF95C1BBB}"
EndProject
Global
	GlobalSection(SolutionConfigurationPlatforms) = preSolution
		Debug|Any CPU = Debug|Any CPU
		Release|Any CPU = Release|Any CPU
	EndGlobalSection
	GlobalSection(ProjectConfigurationPlatforms) = postSolution
		{23FB2591-FB94-4132-BE4A-64BBF95C1BBB}.Debug|Any CPU.ActiveCfg = Debug|Any CPU
		{23FB2591-FB94-4132-BE4A-64BBF95C1BBB}.Debug|Any CPU.Build.0 = Debug|Any CPU
		{23FB2591-FB94-4132-BE4A-64BBF95C1BBB}.Release|Any CPU.ActiveCfg = Release|Any CPU
		{23FB2591-FB94-4132-BE4A-64BBF95C1BBB}.Release|Any CPU.Build.0 = Release|Any CPU
	EndGlobalSection
	GlobalSection(SolutionProperties) = preSolution
		HideSolutionNode = FALSE
	EndGlobalSection
	GlobalSection(ExtensibilityGlobals) = postSolution
		SolutionGuid = {FB11D25B-1518-4709-8DE9-5B8E0B40F054}
	EndGlobalSection
EndGlobal
